{
  "name": "netlifyadmas",
  "version": "1.0.0",
  "lockfileVersion": 3,
  "requires": true,
  "packages": {
    "": {
      "name": "netlifyadmas",
      "version": "1.0.0",
      "license": "ISC",
      "dependencies": {
        "telerivet": "^1.7.0"
      }
    },
    "node_modules/telerivet": {
      "version": "1.7.0",
      "resolved": "https://registry.npmjs.org/telerivet/-/telerivet-1.7.0.tgz",
      "integrity": "sha512-qNXxYZFOHCI9o8bbUV2yELwtNEpXNiy63758X7Gy4eIpF0s4+97svXop67CjCqJI3Di1cryWOQ+x0XlIo7scsw==",
      "engines": {
        "node": ">= v0.8.0"
      }
    }
  }
}
